{
  "nodes": {
    "mobile-nixos": {
      "flake": false,
      "locked": {
        "lastModified": 1637708275,
        "narHash": "sha256-O0N3H7G8OwVFI6m/LwYkdUMnKGkyEs2Seyz6reB/o74=",
        "owner": "FlorianFranzen",
        "repo": "mobile-nixos",
        "rev": "0ee17d9211ee64bc3efa11e53c6b66120dc53859",
        "type": "github"
      },
      "original": {
        "owner": "FlorianFranzen",
        "ref": "develop",
        "repo": "mobile-nixos",
        "type": "github"
      }
    },
    "nixpkgs": {
      "locked": {
        "lastModified": 1637595801,
        "narHash": "sha256-LkIMwVFKCuEqidaUdg8uxwpESAXjsPo4oCz3eJ7RaRw=",
        "owner": "NixOS",
        "repo": "nixpkgs",
        "rev": "263ef4cc4146c9fab808085487438c625d4426a9",
        "type": "github"
      },
      "original": {
        "owner": "NixOS",
        "ref": "nixos-unstable",
        "repo": "nixpkgs",
        "type": "github"
      }
    },
    "root": {
      "inputs": {
        "mobile-nixos": "mobile-nixos",
        "nixpkgs": "nixpkgs"
      }
    }
  },
  "root": "root",
  "version": 7
}
